
Microsoft Visual Studio Solution File, Format Version 12.00
# Visual Studio Version 17
VisualStudioVersion = 17.6.33815.320
MinimumVisualStudioVersion = 10.0.40219.1
Project("{FAE04EC0-301F-11D3-BF4B-00C04F79EFBC}") = "Minefield", "Minefield.csproj", "{3B89EC33-1052-42AF-B686-C54202F9A834}"
EndProject
Global
	GlobalSection(SolutionConfigurationPlatforms) = preSolution
		Debug|Any CPU = Debug|Any CPU
		Release|Any CPU = Release|Any CPU
	EndGlobalSection
	GlobalSection(ProjectConfigurationPlatforms) = postSolution
		{3B89EC33-1052-42AF-B686-C54202F9A834}.Debug|Any CPU.ActiveCfg = Debug|Any CPU
		{3B89EC33-1052-42AF-B686-C54202F9A834}.Debug|Any CPU.Build.0 = Debug|Any CPU
		{3B89EC33-1052-42AF-B686-C54202F9A834}.Release|Any CPU.ActiveCfg = Release|Any CPU
		{3B89EC33-1052-42AF-B686-C54202F9A834}.Release|Any CPU.Build.0 = Release|Any CPU
	EndGlobalSection
	GlobalSection(SolutionProperties) = preSolution
		HideSolutionNode = FALSE
	EndGlobalSection
	GlobalSection(ExtensibilityGlobals) = postSolution
		SolutionGuid = {65A9BC33-54F0-48BF-ADA3-2F90B9830869}
	EndGlobalSection
EndGlobal
